{
    "version": 3,
    "terraform_version": "0.11.14",
    "serial": 2,
    "lineage": "bdf3dfa5-146b-54bf-7d74-5b737127fd3c",
    "modules": [
        {
            "path": [
                "root"
            ],
            "outputs": {
                "region": {
                    "sensitive": false,
                    "type": "string",
                    "value": "us-east-1"
                }
            },
            "resources": {
                "aws_api_gateway_rest_api.terraform": {
                    "type": "aws_api_gateway_rest_api",
                    "depends_on": [],
                    "primary": {
                        "id": "5bro1ntsdh",
                        "attributes": {
                            "api_key_source": "HEADER",
                            "arn": "arn:aws:apigateway:us-east-1::/restapis/5bro1ntsdh",
                            "binary_media_types.#": "0",
                            "created_date": "2020-08-14T18:46:11Z",
                            "description": "api built with terraform",
                            "endpoint_configuration.#": "1",
                            "endpoint_configuration.0.types.#": "1",
                            "endpoint_configuration.0.types.0": "EDGE",
                            "endpoint_configuration.0.vpc_endpoint_ids.#": "0",
                            "execution_arn": "arn:aws:execute-api:us-east-1:878479396464:5bro1ntsdh",
                            "id": "5bro1ntsdh",
                            "minimum_compression_size": "-1",
                            "name": "terraform",
                            "policy": "",
                            "root_resource_id": "29g6tlxeo6",
                            "tags.%": "0"
                        },
                        "meta": {},
                        "tainted": false
                    },
                    "deposed": [],
                    "provider": "provider.aws"
                }
            },
            "depends_on": []
        },
        {
            "path": [
                "root",
                "api_terraform",
                "consulta"
            ],
            "outputs": {},
            "resources": {
                "aws_api_gateway_deployment.consulta": {
                    "type": "aws_api_gateway_deployment",
                    "depends_on": [
                        "aws_api_gateway_integration.consulta"
                    ],
                    "primary": {
                        "id": "9lk0ur",
                        "attributes": {
                            "created_date": "2020-08-14T18:46:24Z",
                            "description": "",
                            "execution_arn": "arn:aws:execute-api:us-east-1:878479396464:5bro1ntsdh/",
                            "id": "9lk0ur",
                            "invoke_url": "https://5bro1ntsdh.execute-api.us-east-1.amazonaws.com/",
                            "rest_api_id": "5bro1ntsdh"
                        },
                        "meta": {},
                        "tainted": false
                    },
                    "deposed": [],
                    "provider": "provider.aws"
                },
                "aws_api_gateway_integration.consulta": {
                    "type": "aws_api_gateway_integration",
                    "depends_on": [
                        "aws_api_gateway_method.get",
                        "aws_api_gateway_resource.consulta"
                    ],
                    "primary": {
                        "id": "agi-5bro1ntsdh-73ds33-GET",
                        "attributes": {
                            "cache_key_parameters.#": "0",
                            "cache_namespace": "73ds33",
                            "connection_id": "",
                            "connection_type": "INTERNET",
                            "content_handling": "",
                            "credentials": "",
                            "http_method": "GET",
                            "id": "agi-5bro1ntsdh-73ds33-GET",
                            "integration_http_method": "GET",
                            "passthrough_behavior": "WHEN_NO_MATCH",
                            "request_parameters.%": "0",
                            "request_templates.%": "0",
                            "resource_id": "73ds33",
                            "rest_api_id": "5bro1ntsdh",
                            "timeout_milliseconds": "29000",
                            "type": "HTTP",
                            "uri": "https://jsonplaceholder.typicode.com/users/1"
                        },
                        "meta": {},
                        "tainted": false
                    },
                    "deposed": [],
                    "provider": "provider.aws"
                },
                "aws_api_gateway_method.get": {
                    "type": "aws_api_gateway_method",
                    "depends_on": [
                        "aws_api_gateway_resource.consulta"
                    ],
                    "primary": {
                        "id": "agm-5bro1ntsdh-73ds33-GET",
                        "attributes": {
                            "api_key_required": "false",
                            "authorization": "NONE",
                            "authorization_scopes.#": "0",
                            "authorizer_id": "",
                            "http_method": "GET",
                            "id": "agm-5bro1ntsdh-73ds33-GET",
                            "request_models.%": "0",
                            "request_parameters.%": "0",
                            "request_validator_id": "",
                            "resource_id": "73ds33",
                            "rest_api_id": "5bro1ntsdh"
                        },
                        "meta": {},
                        "tainted": false
                    },
                    "deposed": [],
                    "provider": "provider.aws"
                },
                "aws_api_gateway_resource.consulta": {
                    "type": "aws_api_gateway_resource",
                    "depends_on": [],
                    "primary": {
                        "id": "73ds33",
                        "attributes": {
                            "id": "73ds33",
                            "parent_id": "29g6tlxeo6",
                            "path": "/consulta",
                            "path_part": "consulta",
                            "rest_api_id": "5bro1ntsdh"
                        },
                        "meta": {},
                        "tainted": false
                    },
                    "deposed": [],
                    "provider": "provider.aws"
                }
            },
            "depends_on": []
        },
        {
            "path": [
                "root",
                "api_terraform",
                "pesquisa"
            ],
            "outputs": {},
            "resources": {
                "aws_api_gateway_deployment.pesquisa": {
                    "type": "aws_api_gateway_deployment",
                    "depends_on": [
                        "aws_api_gateway_integration.pesquisa"
                    ],
                    "primary": {
                        "id": "aaoqw2",
                        "attributes": {
                            "created_date": "2020-08-14T18:46:39Z",
                            "description": "",
                            "execution_arn": "arn:aws:execute-api:us-east-1:878479396464:5bro1ntsdh/",
                            "id": "aaoqw2",
                            "invoke_url": "https://5bro1ntsdh.execute-api.us-east-1.amazonaws.com/",
                            "rest_api_id": "5bro1ntsdh"
                        },
                        "meta": {},
                        "tainted": false
                    },
                    "deposed": [],
                    "provider": "provider.aws"
                },
                "aws_api_gateway_integration.pesquisa": {
                    "type": "aws_api_gateway_integration",
                    "depends_on": [
                        "aws_api_gateway_method.post",
                        "aws_api_gateway_resource.pesquisa"
                    ],
                    "primary": {
                        "id": "agi-5bro1ntsdh-63i4sc-POST",
                        "attributes": {
                            "cache_key_parameters.#": "0",
                            "cache_namespace": "63i4sc",
                            "connection_id": "",
                            "connection_type": "INTERNET",
                            "content_handling": "",
                            "credentials": "",
                            "http_method": "POST",
                            "id": "agi-5bro1ntsdh-63i4sc-POST",
                            "integration_http_method": "GET",
                            "passthrough_behavior": "WHEN_NO_MATCH",
                            "request_parameters.%": "0",
                            "request_templates.%": "0",
                            "resource_id": "63i4sc",
                            "rest_api_id": "5bro1ntsdh",
                            "timeout_milliseconds": "29000",
                            "type": "HTTP",
                            "uri": "https://jsonplaceholder.typicode.com/todos"
                        },
                        "meta": {},
                        "tainted": false
                    },
                    "deposed": [],
                    "provider": "provider.aws"
                },
                "aws_api_gateway_method.post": {
                    "type": "aws_api_gateway_method",
                    "depends_on": [
                        "aws_api_gateway_resource.pesquisa"
                    ],
                    "primary": {
                        "id": "agm-5bro1ntsdh-63i4sc-POST",
                        "attributes": {
                            "api_key_required": "false",
                            "authorization": "NONE",
                            "authorization_scopes.#": "0",
                            "authorizer_id": "",
                            "http_method": "POST",
                            "id": "agm-5bro1ntsdh-63i4sc-POST",
                            "request_models.%": "0",
                            "request_parameters.%": "0",
                            "request_validator_id": "",
                            "resource_id": "63i4sc",
                            "rest_api_id": "5bro1ntsdh"
                        },
                        "meta": {},
                        "tainted": false
                    },
                    "deposed": [],
                    "provider": "provider.aws"
                },
                "aws_api_gateway_resource.pesquisa": {
                    "type": "aws_api_gateway_resource",
                    "depends_on": [],
                    "primary": {
                        "id": "63i4sc",
                        "attributes": {
                            "id": "63i4sc",
                            "parent_id": "29g6tlxeo6",
                            "path": "/pesquisa",
                            "path_part": "pesquisa",
                            "rest_api_id": "5bro1ntsdh"
                        },
                        "meta": {},
                        "tainted": false
                    },
                    "deposed": [],
                    "provider": "provider.aws"
                }
            },
            "depends_on": []
        },
        {
            "path": [
                "root",
                "api_terraform",
                "procura"
            ],
            "outputs": {},
            "resources": {
                "aws_api_gateway_deployment.procura": {
                    "type": "aws_api_gateway_deployment",
                    "depends_on": [
                        "aws_api_gateway_integration.procura"
                    ],
                    "primary": {
                        "id": "dxfntd",
                        "attributes": {
                            "created_date": "2020-08-14T18:46:22Z",
                            "description": "",
                            "execution_arn": "arn:aws:execute-api:us-east-1:878479396464:5bro1ntsdh/",
                            "id": "dxfntd",
                            "invoke_url": "https://5bro1ntsdh.execute-api.us-east-1.amazonaws.com/",
                            "rest_api_id": "5bro1ntsdh"
                        },
                        "meta": {},
                        "tainted": false
                    },
                    "deposed": [],
                    "provider": "provider.aws"
                },
                "aws_api_gateway_integration.procura": {
                    "type": "aws_api_gateway_integration",
                    "depends_on": [
                        "aws_api_gateway_method.post",
                        "aws_api_gateway_resource.procura"
                    ],
                    "primary": {
                        "id": "agi-5bro1ntsdh-yr91zn-POST",
                        "attributes": {
                            "cache_key_parameters.#": "0",
                            "cache_namespace": "yr91zn",
                            "connection_id": "",
                            "connection_type": "INTERNET",
                            "content_handling": "",
                            "credentials": "",
                            "http_method": "POST",
                            "id": "agi-5bro1ntsdh-yr91zn-POST",
                            "integration_http_method": "GET",
                            "passthrough_behavior": "WHEN_NO_MATCH",
                            "request_parameters.%": "0",
                            "request_templates.%": "0",
                            "resource_id": "yr91zn",
                            "rest_api_id": "5bro1ntsdh",
                            "timeout_milliseconds": "29000",
                            "type": "HTTP",
                            "uri": "https://jsonplaceholder.typicode.com/users"
                        },
                        "meta": {},
                        "tainted": false
                    },
                    "deposed": [],
                    "provider": "provider.aws"
                },
                "aws_api_gateway_method.post": {
                    "type": "aws_api_gateway_method",
                    "depends_on": [
                        "aws_api_gateway_resource.procura"
                    ],
                    "primary": {
                        "id": "agm-5bro1ntsdh-yr91zn-POST",
                        "attributes": {
                            "api_key_required": "false",
                            "authorization": "NONE",
                            "http_method": "POST",
                            "id": "agm-5bro1ntsdh-yr91zn-POST",
                            "resource_id": "yr91zn",
                            "rest_api_id": "5bro1ntsdh"
                        },
                        "meta": {},
                        "tainted": false
                    },
                    "deposed": [],
                    "provider": "provider.aws"
                },
                "aws_api_gateway_resource.procura": {
                    "type": "aws_api_gateway_resource",
                    "depends_on": [],
                    "primary": {
                        "id": "yr91zn",
                        "attributes": {
                            "id": "yr91zn",
                            "parent_id": "29g6tlxeo6",
                            "path": "/procura",
                            "path_part": "procura",
                            "rest_api_id": "5bro1ntsdh"
                        },
                        "meta": {},
                        "tainted": false
                    },
                    "deposed": [],
                    "provider": "provider.aws"
                }
            },
            "depends_on": []
        }
    ]
}
