{
    "version": 3,
    "terraform_version": "0.11.14",
    "serial": 1,
    "lineage": "283bee38-d78a-eafe-8587-1ce6b78d677f",
    "modules": [
        {
            "path": [
                "root"
            ],
            "outputs": {},
            "resources": {
                "aws_api_gateway_integration.this": {
                    "type": "aws_api_gateway_integration",
                    "depends_on": [
                        "aws_api_gateway_method.get",
                        "aws_api_gateway_resource.this",
                        "aws_api_gateway_rest_api.this"
                    ],
                    "primary": {
                        "id": "agi-rrq2i707s3-k6azwq-GET",
                        "attributes": {
                            "cache_key_parameters.#": "0",
                            "cache_namespace": "k6azwq",
                            "connection_id": "",
                            "connection_type": "INTERNET",
                            "content_handling": "",
                            "credentials": "",
                            "http_method": "GET",
                            "id": "agi-rrq2i707s3-k6azwq-GET",
                            "integration_http_method": "GET",
                            "passthrough_behavior": "WHEN_NO_MATCH",
                            "request_parameters.%": "0",
                            "request_templates.%": "0",
                            "resource_id": "k6azwq",
                            "rest_api_id": "rrq2i707s3",
                            "timeout_milliseconds": "29000",
                            "type": "HTTP",
                            "uri": "https://jsonplaceholder.typicode.com/todos/1"
                        },
                        "meta": {},
                        "tainted": false
                    },
                    "deposed": [],
                    "provider": "provider.aws"
                },
                "aws_api_gateway_method.any": {
                    "type": "aws_api_gateway_method",
                    "depends_on": [
                        "aws_api_gateway_resource.this",
                        "aws_api_gateway_rest_api.this"
                    ],
                    "primary": {
                        "id": "agm-rrq2i707s3-k6azwq-ANY",
                        "attributes": {
                            "api_key_required": "false",
                            "authorization": "NONE",
                            "http_method": "ANY",
                            "id": "agm-rrq2i707s3-k6azwq-ANY",
                            "resource_id": "k6azwq",
                            "rest_api_id": "rrq2i707s3"
                        },
                        "meta": {},
                        "tainted": false
                    },
                    "deposed": [],
                    "provider": "provider.aws"
                },
                "aws_api_gateway_method.get": {
                    "type": "aws_api_gateway_method",
                    "depends_on": [
                        "aws_api_gateway_resource.this",
                        "aws_api_gateway_rest_api.this"
                    ],
                    "primary": {
                        "id": "agm-rrq2i707s3-k6azwq-GET",
                        "attributes": {
                            "api_key_required": "false",
                            "authorization": "NONE",
                            "http_method": "GET",
                            "id": "agm-rrq2i707s3-k6azwq-GET",
                            "resource_id": "k6azwq",
                            "rest_api_id": "rrq2i707s3"
                        },
                        "meta": {},
                        "tainted": false
                    },
                    "deposed": [],
                    "provider": "provider.aws"
                },
                "aws_api_gateway_resource.this": {
                    "type": "aws_api_gateway_resource",
                    "depends_on": [
                        "aws_api_gateway_rest_api.this"
                    ],
                    "primary": {
                        "id": "k6azwq",
                        "attributes": {
                            "id": "k6azwq",
                            "parent_id": "49nj4uhaoc",
                            "path": "/consulta",
                            "path_part": "consulta",
                            "rest_api_id": "rrq2i707s3"
                        },
                        "meta": {},
                        "tainted": false
                    },
                    "deposed": [],
                    "provider": "provider.aws"
                },
                "aws_api_gateway_rest_api.this": {
                    "type": "aws_api_gateway_rest_api",
                    "depends_on": [],
                    "primary": {
                        "id": "rrq2i707s3",
                        "attributes": {
                            "api_key_source": "HEADER",
                            "arn": "arn:aws:apigateway:us-east-1::/restapis/rrq2i707s3",
                            "binary_media_types.#": "0",
                            "created_date": "2020-08-13T13:55:36Z",
                            "description": "api built with terraform",
                            "endpoint_configuration.#": "1",
                            "endpoint_configuration.0.types.#": "1",
                            "endpoint_configuration.0.types.0": "EDGE",
                            "endpoint_configuration.0.vpc_endpoint_ids.#": "0",
                            "execution_arn": "arn:aws:execute-api:us-east-1:878479396464:rrq2i707s3",
                            "id": "rrq2i707s3",
                            "minimum_compression_size": "-1",
                            "name": "terraform",
                            "policy": "",
                            "root_resource_id": "49nj4uhaoc",
                            "tags.%": "0"
                        },
                        "meta": {},
                        "tainted": false
                    },
                    "deposed": [],
                    "provider": "provider.aws"
                }
            },
            "depends_on": []
        }
    ]
}
