{
    "version": 3,
    "terraform_version": "0.11.14",
    "serial": 4,
    "lineage": "bdf3dfa5-146b-54bf-7d74-5b737127fd3c",
    "modules": [
        {
            "path": [
                "root"
            ],
            "outputs": {
                "region": {
                    "sensitive": false,
                    "type": "string",
                    "value": "us-east-1"
                }
            },
            "resources": {
                "aws_api_gateway_rest_api.terraform": {
                    "type": "aws_api_gateway_rest_api",
                    "depends_on": [],
                    "primary": {
                        "id": "81o9knlrw4",
                        "attributes": {
                            "api_key_source": "HEADER",
                            "arn": "arn:aws:apigateway:us-east-1::/restapis/81o9knlrw4",
                            "binary_media_types.#": "0",
                            "created_date": "2020-08-14T19:33:15Z",
                            "description": "api built with terraform",
                            "endpoint_configuration.#": "1",
                            "endpoint_configuration.0.types.#": "1",
                            "endpoint_configuration.0.types.0": "EDGE",
                            "endpoint_configuration.0.vpc_endpoint_ids.#": "0",
                            "execution_arn": "arn:aws:execute-api:us-east-1:878479396464:81o9knlrw4",
                            "id": "81o9knlrw4",
                            "minimum_compression_size": "-1",
                            "name": "terraform",
                            "policy": "",
                            "root_resource_id": "0q241b0ai9",
                            "tags.%": "0"
                        },
                        "meta": {},
                        "tainted": false
                    },
                    "deposed": [],
                    "provider": "provider.aws"
                }
            },
            "depends_on": []
        },
        {
            "path": [
                "root",
                "api_terraform",
                "consulta"
            ],
            "outputs": {},
            "resources": {
                "aws_api_gateway_deployment.consulta": {
                    "type": "aws_api_gateway_deployment",
                    "depends_on": [
                        "aws_api_gateway_integration.consulta"
                    ],
                    "primary": {
                        "id": "pcuu80",
                        "attributes": {
                            "created_date": "2020-08-14T19:33:36Z",
                            "description": "",
                            "execution_arn": "arn:aws:execute-api:us-east-1:878479396464:81o9knlrw4/",
                            "id": "pcuu80",
                            "invoke_url": "https://81o9knlrw4.execute-api.us-east-1.amazonaws.com/",
                            "rest_api_id": "81o9knlrw4"
                        },
                        "meta": {},
                        "tainted": false
                    },
                    "deposed": [],
                    "provider": "provider.aws"
                },
                "aws_api_gateway_integration.consulta": {
                    "type": "aws_api_gateway_integration",
                    "depends_on": [
                        "aws_api_gateway_method.get",
                        "aws_api_gateway_resource.consulta"
                    ],
                    "primary": {
                        "id": "agi-81o9knlrw4-m2wapn-GET",
                        "attributes": {
                            "cache_key_parameters.#": "0",
                            "cache_namespace": "m2wapn",
                            "connection_id": "",
                            "connection_type": "INTERNET",
                            "content_handling": "",
                            "credentials": "",
                            "http_method": "GET",
                            "id": "agi-81o9knlrw4-m2wapn-GET",
                            "integration_http_method": "GET",
                            "passthrough_behavior": "WHEN_NO_MATCH",
                            "request_parameters.%": "0",
                            "request_templates.%": "0",
                            "resource_id": "m2wapn",
                            "rest_api_id": "81o9knlrw4",
                            "timeout_milliseconds": "29000",
                            "type": "HTTP",
                            "uri": "https://jsonplaceholder.typicode.com/users/1"
                        },
                        "meta": {},
                        "tainted": false
                    },
                    "deposed": [],
                    "provider": "provider.aws"
                },
                "aws_api_gateway_method.get": {
                    "type": "aws_api_gateway_method",
                    "depends_on": [
                        "aws_api_gateway_resource.consulta"
                    ],
                    "primary": {
                        "id": "agm-81o9knlrw4-m2wapn-GET",
                        "attributes": {
                            "api_key_required": "false",
                            "authorization": "NONE",
                            "http_method": "GET",
                            "id": "agm-81o9knlrw4-m2wapn-GET",
                            "resource_id": "m2wapn",
                            "rest_api_id": "81o9knlrw4"
                        },
                        "meta": {},
                        "tainted": false
                    },
                    "deposed": [],
                    "provider": "provider.aws"
                },
                "aws_api_gateway_resource.consulta": {
                    "type": "aws_api_gateway_resource",
                    "depends_on": [],
                    "primary": {
                        "id": "m2wapn",
                        "attributes": {
                            "id": "m2wapn",
                            "parent_id": "0q241b0ai9",
                            "path": "/consulta",
                            "path_part": "consulta",
                            "rest_api_id": "81o9knlrw4"
                        },
                        "meta": {},
                        "tainted": false
                    },
                    "deposed": [],
                    "provider": "provider.aws"
                }
            },
            "depends_on": []
        },
        {
            "path": [
                "root",
                "api_terraform",
                "pesquisa"
            ],
            "outputs": {},
            "resources": {
                "aws_api_gateway_deployment.pesquisa": {
                    "type": "aws_api_gateway_deployment",
                    "depends_on": [
                        "aws_api_gateway_integration.pesquisa"
                    ],
                    "primary": {
                        "id": "2yveir",
                        "attributes": {
                            "created_date": "2020-08-14T19:33:21Z",
                            "description": "",
                            "execution_arn": "arn:aws:execute-api:us-east-1:878479396464:81o9knlrw4/",
                            "id": "2yveir",
                            "invoke_url": "https://81o9knlrw4.execute-api.us-east-1.amazonaws.com/",
                            "rest_api_id": "81o9knlrw4"
                        },
                        "meta": {},
                        "tainted": false
                    },
                    "deposed": [],
                    "provider": "provider.aws"
                },
                "aws_api_gateway_integration.pesquisa": {
                    "type": "aws_api_gateway_integration",
                    "depends_on": [
                        "aws_api_gateway_method.post",
                        "aws_api_gateway_resource.pesquisa"
                    ],
                    "primary": {
                        "id": "agi-81o9knlrw4-k5j7db-POST",
                        "attributes": {
                            "cache_key_parameters.#": "0",
                            "cache_namespace": "k5j7db",
                            "connection_id": "",
                            "connection_type": "INTERNET",
                            "content_handling": "",
                            "credentials": "",
                            "http_method": "POST",
                            "id": "agi-81o9knlrw4-k5j7db-POST",
                            "integration_http_method": "GET",
                            "passthrough_behavior": "WHEN_NO_MATCH",
                            "request_parameters.%": "0",
                            "request_templates.%": "0",
                            "resource_id": "k5j7db",
                            "rest_api_id": "81o9knlrw4",
                            "timeout_milliseconds": "29000",
                            "type": "HTTP",
                            "uri": "https://jsonplaceholder.typicode.com/todos/2"
                        },
                        "meta": {},
                        "tainted": false
                    },
                    "deposed": [],
                    "provider": "provider.aws"
                },
                "aws_api_gateway_method.post": {
                    "type": "aws_api_gateway_method",
                    "depends_on": [
                        "aws_api_gateway_resource.pesquisa"
                    ],
                    "primary": {
                        "id": "agm-81o9knlrw4-k5j7db-POST",
                        "attributes": {
                            "api_key_required": "false",
                            "authorization": "NONE",
                            "http_method": "POST",
                            "id": "agm-81o9knlrw4-k5j7db-POST",
                            "resource_id": "k5j7db",
                            "rest_api_id": "81o9knlrw4"
                        },
                        "meta": {},
                        "tainted": false
                    },
                    "deposed": [],
                    "provider": "provider.aws"
                },
                "aws_api_gateway_resource.pesquisa": {
                    "type": "aws_api_gateway_resource",
                    "depends_on": [],
                    "primary": {
                        "id": "k5j7db",
                        "attributes": {
                            "id": "k5j7db",
                            "parent_id": "0q241b0ai9",
                            "path": "/pesquisa",
                            "path_part": "pesquisa",
                            "rest_api_id": "81o9knlrw4"
                        },
                        "meta": {},
                        "tainted": false
                    },
                    "deposed": [],
                    "provider": "provider.aws"
                }
            },
            "depends_on": []
        },
        {
            "path": [
                "root",
                "api_terraform",
                "procura"
            ],
            "outputs": {},
            "resources": {
                "aws_api_gateway_deployment.procura": {
                    "type": "aws_api_gateway_deployment",
                    "depends_on": [
                        "aws_api_gateway_integration.procura"
                    ],
                    "primary": {
                        "id": "w2qf9q",
                        "attributes": {
                            "created_date": "2020-08-14T19:33:24Z",
                            "description": "",
                            "execution_arn": "arn:aws:execute-api:us-east-1:878479396464:81o9knlrw4/",
                            "id": "w2qf9q",
                            "invoke_url": "https://81o9knlrw4.execute-api.us-east-1.amazonaws.com/",
                            "rest_api_id": "81o9knlrw4"
                        },
                        "meta": {},
                        "tainted": false
                    },
                    "deposed": [],
                    "provider": "provider.aws"
                },
                "aws_api_gateway_integration.procura": {
                    "type": "aws_api_gateway_integration",
                    "depends_on": [
                        "aws_api_gateway_method.post",
                        "aws_api_gateway_resource.procura"
                    ],
                    "primary": {
                        "id": "agi-81o9knlrw4-hhr0rl-POST",
                        "attributes": {
                            "cache_key_parameters.#": "0",
                            "cache_namespace": "hhr0rl",
                            "connection_id": "",
                            "connection_type": "INTERNET",
                            "content_handling": "",
                            "credentials": "",
                            "http_method": "POST",
                            "id": "agi-81o9knlrw4-hhr0rl-POST",
                            "integration_http_method": "GET",
                            "passthrough_behavior": "WHEN_NO_MATCH",
                            "request_parameters.%": "0",
                            "request_templates.%": "0",
                            "resource_id": "hhr0rl",
                            "rest_api_id": "81o9knlrw4",
                            "timeout_milliseconds": "29000",
                            "type": "HTTP",
                            "uri": "https://jsonplaceholder.typicode.com/users"
                        },
                        "meta": {},
                        "tainted": false
                    },
                    "deposed": [],
                    "provider": "provider.aws"
                },
                "aws_api_gateway_method.post": {
                    "type": "aws_api_gateway_method",
                    "depends_on": [
                        "aws_api_gateway_resource.procura"
                    ],
                    "primary": {
                        "id": "agm-81o9knlrw4-hhr0rl-POST",
                        "attributes": {
                            "api_key_required": "false",
                            "authorization": "NONE",
                            "http_method": "POST",
                            "id": "agm-81o9knlrw4-hhr0rl-POST",
                            "resource_id": "hhr0rl",
                            "rest_api_id": "81o9knlrw4"
                        },
                        "meta": {},
                        "tainted": false
                    },
                    "deposed": [],
                    "provider": "provider.aws"
                },
                "aws_api_gateway_resource.procura": {
                    "type": "aws_api_gateway_resource",
                    "depends_on": [],
                    "primary": {
                        "id": "hhr0rl",
                        "attributes": {
                            "id": "hhr0rl",
                            "parent_id": "0q241b0ai9",
                            "path": "/procura",
                            "path_part": "procura",
                            "rest_api_id": "81o9knlrw4"
                        },
                        "meta": {},
                        "tainted": false
                    },
                    "deposed": [],
                    "provider": "provider.aws"
                }
            },
            "depends_on": []
        }
    ]
}
