{
    "version": 3,
    "terraform_version": "0.11.14",
    "serial": 1,
    "lineage": "bfe5322e-aff4-1cf4-2c49-939932e3fd39",
    "modules": [
        {
            "path": [
                "root"
            ],
            "outputs": {
                "env": {
                    "sensitive": false,
                    "type": "string",
                    "value": "dev"
                }
            },
            "resources": {
                "aws_api_gateway_rest_api.terraform": {
                    "type": "aws_api_gateway_rest_api",
                    "depends_on": [],
                    "primary": {
                        "id": "21vgky4zti",
                        "attributes": {
                            "api_key_source": "HEADER",
                            "arn": "arn:aws:apigateway:us-east-1::/restapis/21vgky4zti",
                            "binary_media_types.#": "0",
                            "created_date": "2020-08-14T16:47:27Z",
                            "description": "api built with terraform",
                            "endpoint_configuration.#": "1",
                            "endpoint_configuration.0.types.#": "1",
                            "endpoint_configuration.0.types.0": "EDGE",
                            "endpoint_configuration.0.vpc_endpoint_ids.#": "0",
                            "execution_arn": "arn:aws:execute-api:us-east-1:878479396464:21vgky4zti",
                            "id": "21vgky4zti",
                            "minimum_compression_size": "-1",
                            "name": "terraform",
                            "policy": "",
                            "root_resource_id": "8ywu67zpjk",
                            "tags.%": "0"
                        },
                        "meta": {},
                        "tainted": false
                    },
                    "deposed": [],
                    "provider": "provider.aws"
                }
            },
            "depends_on": []
        },
        {
            "path": [
                "root",
                "api_terraform",
                "consulta"
            ],
            "outputs": {},
            "resources": {
                "aws_api_gateway_deployment.consulta": {
                    "type": "aws_api_gateway_deployment",
                    "depends_on": [
                        "aws_api_gateway_integration.consulta"
                    ],
                    "primary": {
                        "id": "litee2",
                        "attributes": {
                            "created_date": "2020-08-14T16:47:37Z",
                            "description": "",
                            "execution_arn": "arn:aws:execute-api:us-east-1:878479396464:21vgky4zti/dev",
                            "id": "litee2",
                            "invoke_url": "https://21vgky4zti.execute-api.us-east-1.amazonaws.com/dev",
                            "rest_api_id": "21vgky4zti",
                            "stage_name": "dev"
                        },
                        "meta": {},
                        "tainted": false
                    },
                    "deposed": [],
                    "provider": "provider.aws"
                },
                "aws_api_gateway_integration.consulta": {
                    "type": "aws_api_gateway_integration",
                    "depends_on": [
                        "aws_api_gateway_method.get",
                        "aws_api_gateway_resource.consulta"
                    ],
                    "primary": {
                        "id": "agi-21vgky4zti-i82m7u-GET",
                        "attributes": {
                            "cache_key_parameters.#": "0",
                            "cache_namespace": "i82m7u",
                            "connection_id": "",
                            "connection_type": "INTERNET",
                            "content_handling": "",
                            "credentials": "",
                            "http_method": "GET",
                            "id": "agi-21vgky4zti-i82m7u-GET",
                            "integration_http_method": "GET",
                            "passthrough_behavior": "WHEN_NO_MATCH",
                            "request_parameters.%": "0",
                            "request_templates.%": "0",
                            "resource_id": "i82m7u",
                            "rest_api_id": "21vgky4zti",
                            "timeout_milliseconds": "29000",
                            "type": "HTTP",
                            "uri": "https://www.googAAAAADle.de"
                        },
                        "meta": {},
                        "tainted": false
                    },
                    "deposed": [],
                    "provider": "provider.aws"
                },
                "aws_api_gateway_method.get": {
                    "type": "aws_api_gateway_method",
                    "depends_on": [
                        "aws_api_gateway_resource.consulta"
                    ],
                    "primary": {
                        "id": "agm-21vgky4zti-i82m7u-GET",
                        "attributes": {
                            "api_key_required": "false",
                            "authorization": "NONE",
                            "http_method": "GET",
                            "id": "agm-21vgky4zti-i82m7u-GET",
                            "resource_id": "i82m7u",
                            "rest_api_id": "21vgky4zti"
                        },
                        "meta": {},
                        "tainted": false
                    },
                    "deposed": [],
                    "provider": "provider.aws"
                },
                "aws_api_gateway_resource.consulta": {
                    "type": "aws_api_gateway_resource",
                    "depends_on": [],
                    "primary": {
                        "id": "i82m7u",
                        "attributes": {
                            "id": "i82m7u",
                            "parent_id": "8ywu67zpjk",
                            "path": "/consulta",
                            "path_part": "consulta",
                            "rest_api_id": "21vgky4zti"
                        },
                        "meta": {},
                        "tainted": false
                    },
                    "deposed": [],
                    "provider": "provider.aws"
                }
            },
            "depends_on": []
        },
        {
            "path": [
                "root",
                "api_terraform",
                "pesquisa"
            ],
            "outputs": {},
            "resources": {
                "aws_api_gateway_deployment.pesquisa": {
                    "type": "aws_api_gateway_deployment",
                    "depends_on": [
                        "aws_api_gateway_integration.pesquisa"
                    ],
                    "primary": {
                        "id": "ewqnit",
                        "attributes": {
                            "created_date": "2020-08-14T16:47:35Z",
                            "description": "",
                            "execution_arn": "arn:aws:execute-api:us-east-1:878479396464:21vgky4zti/dev",
                            "id": "ewqnit",
                            "invoke_url": "https://21vgky4zti.execute-api.us-east-1.amazonaws.com/dev",
                            "rest_api_id": "21vgky4zti",
                            "stage_name": "dev"
                        },
                        "meta": {},
                        "tainted": false
                    },
                    "deposed": [],
                    "provider": "provider.aws"
                },
                "aws_api_gateway_integration.pesquisa": {
                    "type": "aws_api_gateway_integration",
                    "depends_on": [
                        "aws_api_gateway_method.post",
                        "aws_api_gateway_resource.pesquisa"
                    ],
                    "primary": {
                        "id": "agi-21vgky4zti-dzh07h-POST",
                        "attributes": {
                            "cache_key_parameters.#": "0",
                            "cache_namespace": "dzh07h",
                            "connection_id": "",
                            "connection_type": "INTERNET",
                            "content_handling": "",
                            "credentials": "",
                            "http_method": "POST",
                            "id": "agi-21vgky4zti-dzh07h-POST",
                            "integration_http_method": "GET",
                            "passthrough_behavior": "WHEN_NO_MATCH",
                            "request_parameters.%": "0",
                            "request_templates.%": "0",
                            "resource_id": "dzh07h",
                            "rest_api_id": "21vgky4zti",
                            "timeout_milliseconds": "29000",
                            "type": "HTTP",
                            "uri": "https://www.googAAAAADle.de"
                        },
                        "meta": {},
                        "tainted": false
                    },
                    "deposed": [],
                    "provider": "provider.aws"
                },
                "aws_api_gateway_method.post": {
                    "type": "aws_api_gateway_method",
                    "depends_on": [
                        "aws_api_gateway_resource.pesquisa"
                    ],
                    "primary": {
                        "id": "agm-21vgky4zti-dzh07h-POST",
                        "attributes": {
                            "api_key_required": "false",
                            "authorization": "NONE",
                            "http_method": "POST",
                            "id": "agm-21vgky4zti-dzh07h-POST",
                            "resource_id": "dzh07h",
                            "rest_api_id": "21vgky4zti"
                        },
                        "meta": {},
                        "tainted": false
                    },
                    "deposed": [],
                    "provider": "provider.aws"
                },
                "aws_api_gateway_resource.pesquisa": {
                    "type": "aws_api_gateway_resource",
                    "depends_on": [],
                    "primary": {
                        "id": "dzh07h",
                        "attributes": {
                            "id": "dzh07h",
                            "parent_id": "8ywu67zpjk",
                            "path": "/pesquisa",
                            "path_part": "pesquisa",
                            "rest_api_id": "21vgky4zti"
                        },
                        "meta": {},
                        "tainted": false
                    },
                    "deposed": [],
                    "provider": "provider.aws"
                }
            },
            "depends_on": []
        },
        {
            "path": [
                "root",
                "api_terraform",
                "procura"
            ],
            "outputs": {},
            "resources": {
                "aws_api_gateway_deployment.procura": {
                    "type": "aws_api_gateway_deployment",
                    "depends_on": [
                        "aws_api_gateway_integration.procura"
                    ],
                    "primary": {
                        "id": "k82n5c",
                        "attributes": {
                            "created_date": "2020-08-14T16:47:33Z",
                            "description": "",
                            "execution_arn": "arn:aws:execute-api:us-east-1:878479396464:21vgky4zti/dev",
                            "id": "k82n5c",
                            "invoke_url": "https://21vgky4zti.execute-api.us-east-1.amazonaws.com/dev",
                            "rest_api_id": "21vgky4zti",
                            "stage_name": "dev"
                        },
                        "meta": {},
                        "tainted": false
                    },
                    "deposed": [],
                    "provider": "provider.aws"
                },
                "aws_api_gateway_integration.procura": {
                    "type": "aws_api_gateway_integration",
                    "depends_on": [
                        "aws_api_gateway_method.get",
                        "aws_api_gateway_resource.procura"
                    ],
                    "primary": {
                        "id": "agi-21vgky4zti-pjboih-GET",
                        "attributes": {
                            "cache_key_parameters.#": "0",
                            "cache_namespace": "pjboih",
                            "connection_id": "",
                            "connection_type": "INTERNET",
                            "content_handling": "",
                            "credentials": "",
                            "http_method": "GET",
                            "id": "agi-21vgky4zti-pjboih-GET",
                            "integration_http_method": "GET",
                            "passthrough_behavior": "WHEN_NO_MATCH",
                            "request_parameters.%": "0",
                            "request_templates.%": "0",
                            "resource_id": "pjboih",
                            "rest_api_id": "21vgky4zti",
                            "timeout_milliseconds": "29000",
                            "type": "HTTP",
                            "uri": "https://www.googAAAAADle.de"
                        },
                        "meta": {},
                        "tainted": false
                    },
                    "deposed": [],
                    "provider": "provider.aws"
                },
                "aws_api_gateway_method.get": {
                    "type": "aws_api_gateway_method",
                    "depends_on": [
                        "aws_api_gateway_resource.procura"
                    ],
                    "primary": {
                        "id": "agm-21vgky4zti-pjboih-GET",
                        "attributes": {
                            "api_key_required": "false",
                            "authorization": "NONE",
                            "http_method": "GET",
                            "id": "agm-21vgky4zti-pjboih-GET",
                            "resource_id": "pjboih",
                            "rest_api_id": "21vgky4zti"
                        },
                        "meta": {},
                        "tainted": false
                    },
                    "deposed": [],
                    "provider": "provider.aws"
                },
                "aws_api_gateway_resource.procura": {
                    "type": "aws_api_gateway_resource",
                    "depends_on": [],
                    "primary": {
                        "id": "pjboih",
                        "attributes": {
                            "id": "pjboih",
                            "parent_id": "8ywu67zpjk",
                            "path": "/procura",
                            "path_part": "procura",
                            "rest_api_id": "21vgky4zti"
                        },
                        "meta": {},
                        "tainted": false
                    },
                    "deposed": [],
                    "provider": "provider.aws"
                }
            },
            "depends_on": []
        }
    ]
}
