{
    "version": 3,
    "terraform_version": "0.11.14",
    "serial": 3,
    "lineage": "a95b6021-eb2a-4402-5d00-7cd8436fef0a",
    "modules": [
        {
            "path": [
                "root"
            ],
            "outputs": {
                "region": {
                    "sensitive": false,
                    "type": "string",
                    "value": "us-east-1"
                }
            },
            "resources": {
                "aws_api_gateway_rest_api.terraform": {
                    "type": "aws_api_gateway_rest_api",
                    "depends_on": [],
                    "primary": {
                        "id": "nylbvwv6ic",
                        "attributes": {
                            "api_key_source": "HEADER",
                            "arn": "arn:aws:apigateway:us-east-1::/restapis/nylbvwv6ic",
                            "binary_media_types.#": "0",
                            "created_date": "2020-08-17T13:14:53Z",
                            "description": "homolog",
                            "endpoint_configuration.#": "1",
                            "endpoint_configuration.0.types.#": "1",
                            "endpoint_configuration.0.types.0": "EDGE",
                            "endpoint_configuration.0.vpc_endpoint_ids.#": "0",
                            "execution_arn": "arn:aws:execute-api:us-east-1:878479396464:nylbvwv6ic",
                            "id": "nylbvwv6ic",
                            "minimum_compression_size": "-1",
                            "name": "terraform_homolog",
                            "policy": "",
                            "root_resource_id": "h622ywheaj",
                            "tags.%": "0"
                        },
                        "meta": {},
                        "tainted": false
                    },
                    "deposed": [],
                    "provider": "provider.aws"
                }
            },
            "depends_on": []
        },
        {
            "path": [
                "root",
                "api_terraform",
                "consulta"
            ],
            "outputs": {},
            "resources": {
                "aws_api_gateway_deployment.consulta": {
                    "type": "aws_api_gateway_deployment",
                    "depends_on": [
                        "aws_api_gateway_integration.consulta"
                    ],
                    "primary": {
                        "id": "tddazc",
                        "attributes": {
                            "created_date": "2020-08-17T13:14:59Z",
                            "description": "",
                            "execution_arn": "arn:aws:execute-api:us-east-1:878479396464:nylbvwv6ic/",
                            "id": "tddazc",
                            "invoke_url": "https://nylbvwv6ic.execute-api.us-east-1.amazonaws.com/",
                            "rest_api_id": "nylbvwv6ic"
                        },
                        "meta": {},
                        "tainted": false
                    },
                    "deposed": [],
                    "provider": "provider.aws"
                },
                "aws_api_gateway_integration.consulta": {
                    "type": "aws_api_gateway_integration",
                    "depends_on": [
                        "aws_api_gateway_method.get",
                        "aws_api_gateway_resource.consulta"
                    ],
                    "primary": {
                        "id": "agi-nylbvwv6ic-v7szms-GET",
                        "attributes": {
                            "cache_key_parameters.#": "0",
                            "cache_namespace": "v7szms",
                            "connection_id": "",
                            "connection_type": "INTERNET",
                            "content_handling": "",
                            "credentials": "",
                            "http_method": "GET",
                            "id": "agi-nylbvwv6ic-v7szms-GET",
                            "integration_http_method": "GET",
                            "passthrough_behavior": "WHEN_NO_MATCH",
                            "request_parameters.%": "0",
                            "request_templates.%": "0",
                            "resource_id": "v7szms",
                            "rest_api_id": "nylbvwv6ic",
                            "timeout_milliseconds": "29000",
                            "type": "HTTP",
                            "uri": "https://jsonplaceholder.typicode.com/users/1"
                        },
                        "meta": {},
                        "tainted": false
                    },
                    "deposed": [],
                    "provider": "provider.aws"
                },
                "aws_api_gateway_method.get": {
                    "type": "aws_api_gateway_method",
                    "depends_on": [
                        "aws_api_gateway_resource.consulta"
                    ],
                    "primary": {
                        "id": "agm-nylbvwv6ic-v7szms-GET",
                        "attributes": {
                            "api_key_required": "false",
                            "authorization": "NONE",
                            "http_method": "GET",
                            "id": "agm-nylbvwv6ic-v7szms-GET",
                            "resource_id": "v7szms",
                            "rest_api_id": "nylbvwv6ic"
                        },
                        "meta": {},
                        "tainted": false
                    },
                    "deposed": [],
                    "provider": "provider.aws"
                },
                "aws_api_gateway_resource.consulta": {
                    "type": "aws_api_gateway_resource",
                    "depends_on": [],
                    "primary": {
                        "id": "v7szms",
                        "attributes": {
                            "id": "v7szms",
                            "parent_id": "h622ywheaj",
                            "path": "/consulta",
                            "path_part": "consulta",
                            "rest_api_id": "nylbvwv6ic"
                        },
                        "meta": {},
                        "tainted": false
                    },
                    "deposed": [],
                    "provider": "provider.aws"
                }
            },
            "depends_on": []
        },
        {
            "path": [
                "root",
                "api_terraform",
                "pesquisa"
            ],
            "outputs": {},
            "resources": {
                "aws_api_gateway_deployment.pesquisa": {
                    "type": "aws_api_gateway_deployment",
                    "depends_on": [
                        "aws_api_gateway_integration.pesquisa"
                    ],
                    "primary": {
                        "id": "i33jep",
                        "attributes": {
                            "created_date": "2020-08-17T13:15:01Z",
                            "description": "",
                            "execution_arn": "arn:aws:execute-api:us-east-1:878479396464:nylbvwv6ic/",
                            "id": "i33jep",
                            "invoke_url": "https://nylbvwv6ic.execute-api.us-east-1.amazonaws.com/",
                            "rest_api_id": "nylbvwv6ic"
                        },
                        "meta": {},
                        "tainted": false
                    },
                    "deposed": [],
                    "provider": "provider.aws"
                },
                "aws_api_gateway_integration.pesquisa": {
                    "type": "aws_api_gateway_integration",
                    "depends_on": [
                        "aws_api_gateway_method.get",
                        "aws_api_gateway_resource.pesquisa"
                    ],
                    "primary": {
                        "id": "agi-nylbvwv6ic-17v6yb-GET",
                        "attributes": {
                            "cache_key_parameters.#": "0",
                            "cache_namespace": "17v6yb",
                            "connection_id": "",
                            "connection_type": "INTERNET",
                            "content_handling": "",
                            "credentials": "",
                            "http_method": "GET",
                            "id": "agi-nylbvwv6ic-17v6yb-GET",
                            "integration_http_method": "GET",
                            "passthrough_behavior": "WHEN_NO_MATCH",
                            "request_parameters.%": "0",
                            "request_templates.%": "0",
                            "resource_id": "17v6yb",
                            "rest_api_id": "nylbvwv6ic",
                            "timeout_milliseconds": "29000",
                            "type": "HTTP",
                            "uri": "https://jsonplaceholder.typicode.com/todos/2"
                        },
                        "meta": {},
                        "tainted": false
                    },
                    "deposed": [],
                    "provider": "provider.aws"
                },
                "aws_api_gateway_method.get": {
                    "type": "aws_api_gateway_method",
                    "depends_on": [
                        "aws_api_gateway_resource.pesquisa"
                    ],
                    "primary": {
                        "id": "agm-nylbvwv6ic-17v6yb-GET",
                        "attributes": {
                            "api_key_required": "false",
                            "authorization": "NONE",
                            "http_method": "GET",
                            "id": "agm-nylbvwv6ic-17v6yb-GET",
                            "resource_id": "17v6yb",
                            "rest_api_id": "nylbvwv6ic"
                        },
                        "meta": {},
                        "tainted": false
                    },
                    "deposed": [],
                    "provider": "provider.aws"
                },
                "aws_api_gateway_resource.pesquisa": {
                    "type": "aws_api_gateway_resource",
                    "depends_on": [],
                    "primary": {
                        "id": "17v6yb",
                        "attributes": {
                            "id": "17v6yb",
                            "parent_id": "h622ywheaj",
                            "path": "/pesquisa",
                            "path_part": "pesquisa",
                            "rest_api_id": "nylbvwv6ic"
                        },
                        "meta": {},
                        "tainted": false
                    },
                    "deposed": [],
                    "provider": "provider.aws"
                }
            },
            "depends_on": []
        },
        {
            "path": [
                "root",
                "api_terraform",
                "procura"
            ],
            "outputs": {},
            "resources": {
                "aws_api_gateway_deployment.procura": {
                    "type": "aws_api_gateway_deployment",
                    "depends_on": [
                        "aws_api_gateway_integration.procura"
                    ],
                    "primary": {
                        "id": "rtunjr",
                        "attributes": {
                            "created_date": "2020-08-17T13:15:03Z",
                            "description": "",
                            "execution_arn": "arn:aws:execute-api:us-east-1:878479396464:nylbvwv6ic/",
                            "id": "rtunjr",
                            "invoke_url": "https://nylbvwv6ic.execute-api.us-east-1.amazonaws.com/",
                            "rest_api_id": "nylbvwv6ic"
                        },
                        "meta": {},
                        "tainted": false
                    },
                    "deposed": [],
                    "provider": "provider.aws"
                },
                "aws_api_gateway_integration.procura": {
                    "type": "aws_api_gateway_integration",
                    "depends_on": [
                        "aws_api_gateway_method.post",
                        "aws_api_gateway_resource.procura"
                    ],
                    "primary": {
                        "id": "agi-nylbvwv6ic-zyvzrp-POST",
                        "attributes": {
                            "cache_key_parameters.#": "0",
                            "cache_namespace": "zyvzrp",
                            "connection_id": "",
                            "connection_type": "INTERNET",
                            "content_handling": "",
                            "credentials": "",
                            "http_method": "POST",
                            "id": "agi-nylbvwv6ic-zyvzrp-POST",
                            "integration_http_method": "GET",
                            "passthrough_behavior": "WHEN_NO_MATCH",
                            "request_parameters.%": "0",
                            "request_templates.%": "0",
                            "resource_id": "zyvzrp",
                            "rest_api_id": "nylbvwv6ic",
                            "timeout_milliseconds": "29000",
                            "type": "HTTP",
                            "uri": "https://jsonplaceholder.typicode.com/users"
                        },
                        "meta": {},
                        "tainted": false
                    },
                    "deposed": [],
                    "provider": "provider.aws"
                },
                "aws_api_gateway_method.post": {
                    "type": "aws_api_gateway_method",
                    "depends_on": [
                        "aws_api_gateway_resource.procura"
                    ],
                    "primary": {
                        "id": "agm-nylbvwv6ic-zyvzrp-POST",
                        "attributes": {
                            "api_key_required": "false",
                            "authorization": "NONE",
                            "http_method": "POST",
                            "id": "agm-nylbvwv6ic-zyvzrp-POST",
                            "resource_id": "zyvzrp",
                            "rest_api_id": "nylbvwv6ic"
                        },
                        "meta": {},
                        "tainted": false
                    },
                    "deposed": [],
                    "provider": "provider.aws"
                },
                "aws_api_gateway_resource.procura": {
                    "type": "aws_api_gateway_resource",
                    "depends_on": [],
                    "primary": {
                        "id": "zyvzrp",
                        "attributes": {
                            "id": "zyvzrp",
                            "parent_id": "h622ywheaj",
                            "path": "/procura",
                            "path_part": "procura",
                            "rest_api_id": "nylbvwv6ic"
                        },
                        "meta": {},
                        "tainted": false
                    },
                    "deposed": [],
                    "provider": "provider.aws"
                }
            },
            "depends_on": []
        }
    ]
}
