{
    "version": 3,
    "terraform_version": "0.11.14",
    "serial": 21,
    "lineage": "9c07942d-5cf2-8863-d8dd-915498edbabb",
    "modules": [
        {
            "path": [
                "root"
            ],
            "outputs": {
                "env": {
                    "sensitive": false,
                    "type": "string",
                    "value": "dev"
                }
            },
            "resources": {
                "aws_api_gateway_rest_api.terraform": {
                    "type": "aws_api_gateway_rest_api",
                    "depends_on": [],
                    "primary": {
                        "id": "dzx81v6bn9",
                        "attributes": {
                            "api_key_source": "HEADER",
                            "arn": "arn:aws:apigateway:us-east-1::/restapis/dzx81v6bn9",
                            "binary_media_types.#": "0",
                            "created_date": "2020-08-14T13:52:14Z",
                            "description": "api built with terraform",
                            "endpoint_configuration.#": "1",
                            "endpoint_configuration.0.types.#": "1",
                            "endpoint_configuration.0.types.0": "EDGE",
                            "endpoint_configuration.0.vpc_endpoint_ids.#": "0",
                            "execution_arn": "arn:aws:execute-api:us-east-1:878479396464:dzx81v6bn9",
                            "id": "dzx81v6bn9",
                            "minimum_compression_size": "-1",
                            "name": "terrafssssorm",
                            "policy": "",
                            "root_resource_id": "icmaix4vrg",
                            "tags.%": "0"
                        },
                        "meta": {},
                        "tainted": false
                    },
                    "deposed": [],
                    "provider": "provider.aws"
                }
            },
            "depends_on": []
        },
        {
            "path": [
                "root",
                "api_terraform",
                "consulta"
            ],
            "outputs": {},
            "resources": {
                "aws_api_gateway_deployment.consulta": {
                    "type": "aws_api_gateway_deployment",
                    "depends_on": [
                        "aws_api_gateway_integration.consulta"
                    ],
                    "primary": {
                        "id": "p6ozrm",
                        "attributes": {
                            "created_date": "2020-08-14T14:57:21Z",
                            "description": "",
                            "execution_arn": "arn:aws:execute-api:us-east-1:878479396464:dzx81v6bn9/dev",
                            "id": "p6ozrm",
                            "invoke_url": "https://dzx81v6bn9.execute-api.us-east-1.amazonaws.com/dev",
                            "rest_api_id": "dzx81v6bn9",
                            "stage_name": "dev"
                        },
                        "meta": {},
                        "tainted": false
                    },
                    "deposed": [],
                    "provider": "provider.aws"
                },
                "aws_api_gateway_integration.consulta": {
                    "type": "aws_api_gateway_integration",
                    "depends_on": [
                        "aws_api_gateway_method.get",
                        "aws_api_gateway_resource.consulta"
                    ],
                    "primary": {
                        "id": "agi-dzx81v6bn9-yk0en0-GET",
                        "attributes": {
                            "cache_key_parameters.#": "0",
                            "cache_namespace": "yk0en0",
                            "connection_id": "",
                            "connection_type": "INTERNET",
                            "content_handling": "",
                            "credentials": "",
                            "http_method": "GET",
                            "id": "agi-dzx81v6bn9-yk0en0-GET",
                            "integration_http_method": "GET",
                            "passthrough_behavior": "WHEN_NO_MATCH",
                            "request_parameters.%": "0",
                            "request_templates.%": "0",
                            "resource_id": "yk0en0",
                            "rest_api_id": "dzx81v6bn9",
                            "timeout_milliseconds": "29000",
                            "type": "HTTP",
                            "uri": "https://www.googAAAAADle.de"
                        },
                        "meta": {},
                        "tainted": false
                    },
                    "deposed": [],
                    "provider": "provider.aws"
                },
                "aws_api_gateway_method.get": {
                    "type": "aws_api_gateway_method",
                    "depends_on": [
                        "aws_api_gateway_resource.consulta"
                    ],
                    "primary": {
                        "id": "agm-dzx81v6bn9-yk0en0-GET",
                        "attributes": {
                            "api_key_required": "false",
                            "authorization": "NONE",
                            "http_method": "GET",
                            "id": "agm-dzx81v6bn9-yk0en0-GET",
                            "resource_id": "yk0en0",
                            "rest_api_id": "dzx81v6bn9"
                        },
                        "meta": {},
                        "tainted": false
                    },
                    "deposed": [],
                    "provider": "provider.aws"
                },
                "aws_api_gateway_resource.consulta": {
                    "type": "aws_api_gateway_resource",
                    "depends_on": [],
                    "primary": {
                        "id": "yk0en0",
                        "attributes": {
                            "id": "yk0en0",
                            "parent_id": "icmaix4vrg",
                            "path": "/consulta",
                            "path_part": "consulta",
                            "rest_api_id": "dzx81v6bn9"
                        },
                        "meta": {},
                        "tainted": false
                    },
                    "deposed": [],
                    "provider": "provider.aws"
                }
            },
            "depends_on": []
        },
        {
            "path": [
                "root",
                "api_terraform",
                "pesquisa"
            ],
            "outputs": {},
            "resources": {
                "aws_api_gateway_deployment.pesquisa": {
                    "type": "aws_api_gateway_deployment",
                    "depends_on": [
                        "aws_api_gateway_integration.pesquisa"
                    ],
                    "primary": {
                        "id": "f8avp0",
                        "attributes": {
                            "created_date": "2020-08-14T14:57:17Z",
                            "description": "",
                            "execution_arn": "arn:aws:execute-api:us-east-1:878479396464:dzx81v6bn9/dev",
                            "id": "f8avp0",
                            "invoke_url": "https://dzx81v6bn9.execute-api.us-east-1.amazonaws.com/dev",
                            "rest_api_id": "dzx81v6bn9",
                            "stage_name": "dev"
                        },
                        "meta": {},
                        "tainted": false
                    },
                    "deposed": [],
                    "provider": "provider.aws"
                },
                "aws_api_gateway_integration.pesquisa": {
                    "type": "aws_api_gateway_integration",
                    "depends_on": [
                        "aws_api_gateway_method.post",
                        "aws_api_gateway_resource.pesquisa"
                    ],
                    "primary": {
                        "id": "agi-dzx81v6bn9-gel4yq-POST",
                        "attributes": {
                            "cache_key_parameters.#": "0",
                            "cache_namespace": "gel4yq",
                            "connection_id": "",
                            "connection_type": "INTERNET",
                            "content_handling": "",
                            "credentials": "",
                            "http_method": "POST",
                            "id": "agi-dzx81v6bn9-gel4yq-POST",
                            "integration_http_method": "GET",
                            "passthrough_behavior": "WHEN_NO_MATCH",
                            "request_parameters.%": "0",
                            "request_templates.%": "0",
                            "resource_id": "gel4yq",
                            "rest_api_id": "dzx81v6bn9",
                            "timeout_milliseconds": "29000",
                            "type": "HTTP",
                            "uri": "https://www.googAAAAADle.de"
                        },
                        "meta": {},
                        "tainted": false
                    },
                    "deposed": [],
                    "provider": "provider.aws"
                },
                "aws_api_gateway_method.post": {
                    "type": "aws_api_gateway_method",
                    "depends_on": [
                        "aws_api_gateway_resource.pesquisa"
                    ],
                    "primary": {
                        "id": "agm-dzx81v6bn9-gel4yq-POST",
                        "attributes": {
                            "api_key_required": "false",
                            "authorization": "NONE",
                            "http_method": "POST",
                            "id": "agm-dzx81v6bn9-gel4yq-POST",
                            "resource_id": "gel4yq",
                            "rest_api_id": "dzx81v6bn9"
                        },
                        "meta": {},
                        "tainted": false
                    },
                    "deposed": [],
                    "provider": "provider.aws"
                },
                "aws_api_gateway_resource.pesquisa": {
                    "type": "aws_api_gateway_resource",
                    "depends_on": [],
                    "primary": {
                        "id": "gel4yq",
                        "attributes": {
                            "id": "gel4yq",
                            "parent_id": "icmaix4vrg",
                            "path": "/pesquisa",
                            "path_part": "pesquisa",
                            "rest_api_id": "dzx81v6bn9"
                        },
                        "meta": {},
                        "tainted": false
                    },
                    "deposed": [],
                    "provider": "provider.aws"
                }
            },
            "depends_on": []
        },
        {
            "path": [
                "root",
                "api_terraform",
                "procura"
            ],
            "outputs": {},
            "resources": {
                "aws_api_gateway_deployment.procura": {
                    "type": "aws_api_gateway_deployment",
                    "depends_on": [
                        "aws_api_gateway_integration.procura"
                    ],
                    "primary": {
                        "id": "jwazhw",
                        "attributes": {
                            "created_date": "2020-08-14T14:57:19Z",
                            "description": "",
                            "execution_arn": "arn:aws:execute-api:us-east-1:878479396464:dzx81v6bn9/dev",
                            "id": "jwazhw",
                            "invoke_url": "https://dzx81v6bn9.execute-api.us-east-1.amazonaws.com/dev",
                            "rest_api_id": "dzx81v6bn9",
                            "stage_name": "dev"
                        },
                        "meta": {},
                        "tainted": false
                    },
                    "deposed": [],
                    "provider": "provider.aws"
                },
                "aws_api_gateway_integration.procura": {
                    "type": "aws_api_gateway_integration",
                    "depends_on": [
                        "aws_api_gateway_method.get",
                        "aws_api_gateway_resource.procura"
                    ],
                    "primary": {
                        "id": "agi-dzx81v6bn9-cbab3c-GET",
                        "attributes": {
                            "cache_key_parameters.#": "0",
                            "cache_namespace": "cbab3c",
                            "connection_id": "",
                            "connection_type": "INTERNET",
                            "content_handling": "",
                            "credentials": "",
                            "http_method": "GET",
                            "id": "agi-dzx81v6bn9-cbab3c-GET",
                            "integration_http_method": "GET",
                            "passthrough_behavior": "WHEN_NO_MATCH",
                            "request_parameters.%": "0",
                            "request_templates.%": "0",
                            "resource_id": "cbab3c",
                            "rest_api_id": "dzx81v6bn9",
                            "timeout_milliseconds": "29000",
                            "type": "HTTP",
                            "uri": "https://www.googAAAAADle.de"
                        },
                        "meta": {},
                        "tainted": false
                    },
                    "deposed": [],
                    "provider": "provider.aws"
                },
                "aws_api_gateway_method.get": {
                    "type": "aws_api_gateway_method",
                    "depends_on": [
                        "aws_api_gateway_resource.procura"
                    ],
                    "primary": {
                        "id": "agm-dzx81v6bn9-cbab3c-GET",
                        "attributes": {
                            "api_key_required": "false",
                            "authorization": "NONE",
                            "http_method": "GET",
                            "id": "agm-dzx81v6bn9-cbab3c-GET",
                            "resource_id": "cbab3c",
                            "rest_api_id": "dzx81v6bn9"
                        },
                        "meta": {},
                        "tainted": false
                    },
                    "deposed": [],
                    "provider": "provider.aws"
                },
                "aws_api_gateway_resource.procura": {
                    "type": "aws_api_gateway_resource",
                    "depends_on": [],
                    "primary": {
                        "id": "cbab3c",
                        "attributes": {
                            "id": "cbab3c",
                            "parent_id": "icmaix4vrg",
                            "path": "/procura",
                            "path_part": "procura",
                            "rest_api_id": "dzx81v6bn9"
                        },
                        "meta": {},
                        "tainted": false
                    },
                    "deposed": [],
                    "provider": "provider.aws"
                }
            },
            "depends_on": []
        }
    ]
}
