{
    "version": 3,
    "terraform_version": "0.11.14",
    "serial": 3,
    "lineage": "a95b6021-eb2a-4402-5d00-7cd8436fef0a",
    "modules": [
        {
            "path": [
                "root"
            ],
            "outputs": {
                "region": {
                    "sensitive": false,
                    "type": "string",
                    "value": "us-east-1"
                }
            },
            "resources": {
                "aws_api_gateway_rest_api.terraform": {
                    "type": "aws_api_gateway_rest_api",
                    "depends_on": [],
                    "primary": {
                        "id": "81o9knlrw4",
                        "attributes": {
                            "api_key_source": "HEADER",
                            "arn": "arn:aws:apigateway:us-east-1::/restapis/81o9knlrw4",
                            "binary_media_types.#": "0",
                            "created_date": "2020-08-14T19:33:15Z",
                            "description": "homolog",
                            "endpoint_configuration.#": "1",
                            "endpoint_configuration.0.types.#": "1",
                            "endpoint_configuration.0.types.0": "EDGE",
                            "endpoint_configuration.0.vpc_endpoint_ids.#": "0",
                            "execution_arn": "arn:aws:execute-api:us-east-1:878479396464:81o9knlrw4",
                            "id": "81o9knlrw4",
                            "minimum_compression_size": "-1",
                            "name": "terraform_homolog",
                            "policy": "",
                            "root_resource_id": "0q241b0ai9",
                            "tags.%": "0"
                        },
                        "meta": {},
                        "tainted": false
                    },
                    "deposed": [],
                    "provider": "provider.aws"
                }
            },
            "depends_on": []
        },
        {
            "path": [
                "root",
                "api_terraform",
                "consulta"
            ],
            "outputs": {},
            "resources": {},
            "depends_on": []
        },
        {
            "path": [
                "root",
                "api_terraform",
                "pesquisa"
            ],
            "outputs": {},
            "resources": {},
            "depends_on": []
        },
        {
            "path": [
                "root",
                "api_terraform",
                "procura"
            ],
            "outputs": {},
            "resources": {},
            "depends_on": []
        }
    ]
}
