{
    "version": 3,
    "terraform_version": "0.11.14",
    "serial": 6,
    "lineage": "453367c7-5cea-9bde-1b5c-0415050fffc3",
    "modules": [
        {
            "path": [
                "root"
            ],
            "outputs": {
                "api_url": {
                    "sensitive": false,
                    "type": "string",
                    "value": "https://h3v8yyjkwf.execute-api.us-east-1.amazonaws.com/dev"
                }
            },
            "resources": {
                "aws_api_gateway_deployment.this": {
                    "type": "aws_api_gateway_deployment",
                    "depends_on": [
                        "aws_api_gateway_integration.this",
                        "aws_api_gateway_rest_api.this"
                    ],
                    "primary": {
                        "id": "b1n3tf",
                        "attributes": {
                            "created_date": "2020-08-11T21:25:46Z",
                            "description": "",
                            "execution_arn": "arn:aws:execute-api:us-east-1:878479396464:h3v8yyjkwf/dev",
                            "id": "b1n3tf",
                            "invoke_url": "https://h3v8yyjkwf.execute-api.us-east-1.amazonaws.com/dev",
                            "rest_api_id": "h3v8yyjkwf",
                            "stage_name": "dev"
                        },
                        "meta": {},
                        "tainted": false
                    },
                    "deposed": [],
                    "provider": "provider.aws"
                },
                "aws_api_gateway_integration.this": {
                    "type": "aws_api_gateway_integration",
                    "depends_on": [
                        "aws_api_gateway_method.any",
                        "aws_api_gateway_resource.this",
                        "aws_api_gateway_rest_api.this"
                    ],
                    "primary": {
                        "id": "agi-h3v8yyjkwf-54pkh5-ANY",
                        "attributes": {
                            "cache_key_parameters.#": "0",
                            "cache_namespace": "54pkh5",
                            "connection_id": "",
                            "connection_type": "INTERNET",
                            "content_handling": "",
                            "credentials": "",
                            "http_method": "ANY",
                            "id": "agi-h3v8yyjkwf-54pkh5-ANY",
                            "integration_http_method": "GET",
                            "passthrough_behavior": "WHEN_NO_MATCH",
                            "request_parameters.%": "0",
                            "request_templates.%": "0",
                            "resource_id": "54pkh5",
                            "rest_api_id": "h3v8yyjkwf",
                            "timeout_milliseconds": "29000",
                            "type": "HTTP",
                            "uri": "https://www.google.com"
                        },
                        "meta": {},
                        "tainted": false
                    },
                    "deposed": [],
                    "provider": "provider.aws"
                },
                "aws_api_gateway_method.any": {
                    "type": "aws_api_gateway_method",
                    "depends_on": [
                        "aws_api_gateway_resource.this",
                        "aws_api_gateway_rest_api.this"
                    ],
                    "primary": {
                        "id": "agm-h3v8yyjkwf-54pkh5-ANY",
                        "attributes": {
                            "api_key_required": "false",
                            "authorization": "NONE",
                            "authorization_scopes.#": "0",
                            "authorizer_id": "",
                            "http_method": "ANY",
                            "id": "agm-h3v8yyjkwf-54pkh5-ANY",
                            "request_models.%": "0",
                            "request_parameters.%": "0",
                            "request_validator_id": "",
                            "resource_id": "54pkh5",
                            "rest_api_id": "h3v8yyjkwf"
                        },
                        "meta": {},
                        "tainted": false
                    },
                    "deposed": [],
                    "provider": "provider.aws"
                },
                "aws_api_gateway_resource.this": {
                    "type": "aws_api_gateway_resource",
                    "depends_on": [
                        "aws_api_gateway_rest_api.this"
                    ],
                    "primary": {
                        "id": "54pkh5",
                        "attributes": {
                            "id": "54pkh5",
                            "parent_id": "9vn4bb6utj",
                            "path": "/consulta",
                            "path_part": "consulta",
                            "rest_api_id": "h3v8yyjkwf"
                        },
                        "meta": {},
                        "tainted": false
                    },
                    "deposed": [],
                    "provider": "provider.aws"
                },
                "aws_api_gateway_rest_api.this": {
                    "type": "aws_api_gateway_rest_api",
                    "depends_on": [],
                    "primary": {
                        "id": "h3v8yyjkwf",
                        "attributes": {
                            "api_key_source": "HEADER",
                            "arn": "arn:aws:apigateway:us-east-1::/restapis/h3v8yyjkwf",
                            "binary_media_types.#": "0",
                            "created_date": "2020-08-11T19:31:11Z",
                            "description": "api built with terraform",
                            "endpoint_configuration.#": "1",
                            "endpoint_configuration.0.types.#": "1",
                            "endpoint_configuration.0.types.0": "EDGE",
                            "endpoint_configuration.0.vpc_endpoint_ids.#": "0",
                            "execution_arn": "arn:aws:execute-api:us-east-1:878479396464:h3v8yyjkwf",
                            "id": "h3v8yyjkwf",
                            "minimum_compression_size": "-1",
                            "name": "terraform",
                            "policy": "",
                            "root_resource_id": "9vn4bb6utj",
                            "tags.%": "0"
                        },
                        "meta": {},
                        "tainted": false
                    },
                    "deposed": [],
                    "provider": "provider.aws"
                }
            },
            "depends_on": []
        }
    ]
}
